
Microsoft Visual Studio Solution File, Format Version 12.00
# Visual Studio Version 16
VisualStudioVersion = 16.0.29806.167
MinimumVisualStudioVersion = 10.0.40219.1
Project("{9A19103F-16F7-4668-BE54-9A1E7A4F7556}") = "Passenger.Api", "Passenger.Api.csproj", "{288E8FA2-29DF-444F-9E95-0CF5639B7692}"
EndProject
Global
	GlobalSection(SolutionConfigurationPlatforms) = preSolution
		Debug|Any CPU = Debug|Any CPU
		Release|Any CPU = Release|Any CPU
	EndGlobalSection
	GlobalSection(ProjectConfigurationPlatforms) = postSolution
		{288E8FA2-29DF-444F-9E95-0CF5639B7692}.Debug|Any CPU.ActiveCfg = Debug|Any CPU
		{288E8FA2-29DF-444F-9E95-0CF5639B7692}.Debug|Any CPU.Build.0 = Debug|Any CPU
		{288E8FA2-29DF-444F-9E95-0CF5639B7692}.Release|Any CPU.ActiveCfg = Release|Any CPU
		{288E8FA2-29DF-444F-9E95-0CF5639B7692}.Release|Any CPU.Build.0 = Release|Any CPU
	EndGlobalSection
	GlobalSection(SolutionProperties) = preSolution
		HideSolutionNode = FALSE
	EndGlobalSection
	GlobalSection(ExtensibilityGlobals) = postSolution
		SolutionGuid = {48F30068-953F-4D3A-B00B-20E54E4D60A3}
	EndGlobalSection
EndGlobal
